
Microsoft Visual Studio Solution File, Format Version 12.00
# Visual Studio Version 16
VisualStudioVersion = 16.0.30523.141
MinimumVisualStudioVersion = 10.0.40219.1
Project("{FAE04EC0-301F-11D3-BF4B-00C04F79EFBC}") = "DiceAverage", "ConsoleApp1\DiceAverage.csproj", "{29599EA6-D385-4CF7-81F2-D193AA5AEC49}"
EndProject
Global
	GlobalSection(SolutionConfigurationPlatforms) = preSolution
		Debug|Any CPU = Debug|Any CPU
		Release|Any CPU = Release|Any CPU
	EndGlobalSection
	GlobalSection(ProjectConfigurationPlatforms) = postSolution
		{29599EA6-D385-4CF7-81F2-D193AA5AEC49}.Debug|Any CPU.ActiveCfg = Debug|Any CPU
		{29599EA6-D385-4CF7-81F2-D193AA5AEC49}.Debug|Any CPU.Build.0 = Debug|Any CPU
		{29599EA6-D385-4CF7-81F2-D193AA5AEC49}.Release|Any CPU.ActiveCfg = Release|Any CPU
		{29599EA6-D385-4CF7-81F2-D193AA5AEC49}.Release|Any CPU.Build.0 = Release|Any CPU
	EndGlobalSection
	GlobalSection(SolutionProperties) = preSolution
		HideSolutionNode = FALSE
	EndGlobalSection
	GlobalSection(ExtensibilityGlobals) = postSolution
		SolutionGuid = {D1F2D8D6-2C53-4B55-ADF3-C899C90E9D3D}
	EndGlobalSection
EndGlobal
